
Microsoft Visual Studio Solution File, Format Version 12.00
# Visual Studio Version 17
VisualStudioVersion = 17.7.34024.191
MinimumVisualStudioVersion = 10.0.40219.1
Project("{9A19103F-16F7-4668-BE54-9A1E7A4F7556}") = "SpaceResidentClient", "SpaceResidentClient\SpaceResidentClient.csproj", "{97137D07-2FDB-465B-98AD-664606EF55D2}"
EndProject
Project("{9A19103F-16F7-4668-BE54-9A1E7A4F7556}") = "ResourceDictionaries", "ResourceDictionaries\ResourceDictionaries.csproj", "{31373E3D-50F3-41B4-9894-84E5E13C28EE}"
EndProject
Project("{9A19103F-16F7-4668-BE54-9A1E7A4F7556}") = "DecorativeElements", "DecorativeElements\DecorativeElements.csproj", "{D9FCD0FA-223A-4780-BE77-399F3E154AFC}"
EndProject
Project("{9A19103F-16F7-4668-BE54-9A1E7A4F7556}") = "Converters", "Converters\Converters.csproj", "{BCF6CBC1-09C4-4B36-BAA8-CB2FE3695A6B}"
EndProject
Project("{FAE04EC0-301F-11D3-BF4B-00C04F79EFBC}") = "Resources", "Resources\Resources.csproj", "{42AB60D2-D721-4DB9-A9C3-F4609071B291}"
EndProject
Global
	GlobalSection(SolutionConfigurationPlatforms) = preSolution
		Debug|Any CPU = Debug|Any CPU
		Release|Any CPU = Release|Any CPU
	EndGlobalSection
	GlobalSection(ProjectConfigurationPlatforms) = postSolution
		{97137D07-2FDB-465B-98AD-664606EF55D2}.Debug|Any CPU.ActiveCfg = Debug|Any CPU
		{97137D07-2FDB-465B-98AD-664606EF55D2}.Debug|Any CPU.Build.0 = Debug|Any CPU
		{97137D07-2FDB-465B-98AD-664606EF55D2}.Release|Any CPU.ActiveCfg = Release|Any CPU
		{97137D07-2FDB-465B-98AD-664606EF55D2}.Release|Any CPU.Build.0 = Release|Any CPU
		{31373E3D-50F3-41B4-9894-84E5E13C28EE}.Debug|Any CPU.ActiveCfg = Debug|Any CPU
		{31373E3D-50F3-41B4-9894-84E5E13C28EE}.Debug|Any CPU.Build.0 = Debug|Any CPU
		{31373E3D-50F3-41B4-9894-84E5E13C28EE}.Release|Any CPU.ActiveCfg = Release|Any CPU
		{31373E3D-50F3-41B4-9894-84E5E13C28EE}.Release|Any CPU.Build.0 = Release|Any CPU
		{D9FCD0FA-223A-4780-BE77-399F3E154AFC}.Debug|Any CPU.ActiveCfg = Debug|Any CPU
		{D9FCD0FA-223A-4780-BE77-399F3E154AFC}.Debug|Any CPU.Build.0 = Debug|Any CPU
		{D9FCD0FA-223A-4780-BE77-399F3E154AFC}.Release|Any CPU.ActiveCfg = Release|Any CPU
		{D9FCD0FA-223A-4780-BE77-399F3E154AFC}.Release|Any CPU.Build.0 = Release|Any CPU
		{BCF6CBC1-09C4-4B36-BAA8-CB2FE3695A6B}.Debug|Any CPU.ActiveCfg = Debug|Any CPU
		{BCF6CBC1-09C4-4B36-BAA8-CB2FE3695A6B}.Debug|Any CPU.Build.0 = Debug|Any CPU
		{BCF6CBC1-09C4-4B36-BAA8-CB2FE3695A6B}.Release|Any CPU.ActiveCfg = Release|Any CPU
		{BCF6CBC1-09C4-4B36-BAA8-CB2FE3695A6B}.Release|Any CPU.Build.0 = Release|Any CPU
		{42AB60D2-D721-4DB9-A9C3-F4609071B291}.Debug|Any CPU.ActiveCfg = Debug|Any CPU
		{42AB60D2-D721-4DB9-A9C3-F4609071B291}.Debug|Any CPU.Build.0 = Debug|Any CPU
		{42AB60D2-D721-4DB9-A9C3-F4609071B291}.Release|Any CPU.ActiveCfg = Release|Any CPU
		{42AB60D2-D721-4DB9-A9C3-F4609071B291}.Release|Any CPU.Build.0 = Release|Any CPU
	EndGlobalSection
	GlobalSection(SolutionProperties) = preSolution
		HideSolutionNode = FALSE
	EndGlobalSection
	GlobalSection(ExtensibilityGlobals) = postSolution
		SolutionGuid = {B39C1000-AB27-4C90-ADBB-5B9430CBABD5}
	EndGlobalSection
EndGlobal
